
Microsoft Visual Studio Solution File, Format Version 10.00
# Visual C# Express 2008
Project("{FAE04EC0-301F-11D3-BF4B-00C04F79EFBC}") = "LibRekonstruktor", "LibRekonstruktor\LibRekonstruktor.csproj", "{8B8C6D0E-3527-4D4B-8D50-5C69F5AF71AB}"
EndProject
Project("{FAE04EC0-301F-11D3-BF4B-00C04F79EFBC}") = "RekonstruktorCLI", "RekonstruktorCLI\RekonstruktorCLI.csproj", "{95553E94-503E-4DF8-83CC-5E8C64104245}"
EndProject
Project("{FAE04EC0-301F-11D3-BF4B-00C04F79EFBC}") = "RekonstruktorWin", "RekonstruktorWin\RekonstruktorWin.csproj", "{42D03029-2B50-4EC9-9119-3FB0F94CF257}"
EndProject
Global
	GlobalSection(SolutionConfigurationPlatforms) = preSolution
		Debug|Any CPU = Debug|Any CPU
		Release|Any CPU = Release|Any CPU
	EndGlobalSection
	GlobalSection(ProjectConfigurationPlatforms) = postSolution
		{8B8C6D0E-3527-4D4B-8D50-5C69F5AF71AB}.Debug|Any CPU.ActiveCfg = Debug|Any CPU
		{8B8C6D0E-3527-4D4B-8D50-5C69F5AF71AB}.Debug|Any CPU.Build.0 = Debug|Any CPU
		{8B8C6D0E-3527-4D4B-8D50-5C69F5AF71AB}.Release|Any CPU.ActiveCfg = Release|Any CPU
		{8B8C6D0E-3527-4D4B-8D50-5C69F5AF71AB}.Release|Any CPU.Build.0 = Release|Any CPU
		{95553E94-503E-4DF8-83CC-5E8C64104245}.Debug|Any CPU.ActiveCfg = Debug|Any CPU
		{95553E94-503E-4DF8-83CC-5E8C64104245}.Debug|Any CPU.Build.0 = Debug|Any CPU
		{95553E94-503E-4DF8-83CC-5E8C64104245}.Release|Any CPU.ActiveCfg = Release|Any CPU
		{95553E94-503E-4DF8-83CC-5E8C64104245}.Release|Any CPU.Build.0 = Release|Any CPU
		{42D03029-2B50-4EC9-9119-3FB0F94CF257}.Debug|Any CPU.ActiveCfg = Debug|Any CPU
		{42D03029-2B50-4EC9-9119-3FB0F94CF257}.Debug|Any CPU.Build.0 = Debug|Any CPU
		{42D03029-2B50-4EC9-9119-3FB0F94CF257}.Release|Any CPU.ActiveCfg = Release|Any CPU
		{42D03029-2B50-4EC9-9119-3FB0F94CF257}.Release|Any CPU.Build.0 = Release|Any CPU
	EndGlobalSection
	GlobalSection(SolutionProperties) = preSolution
		HideSolutionNode = FALSE
	EndGlobalSection
EndGlobal
